
Microsoft Visual Studio Solution File, Format Version 12.00
# Visual Studio Version 16
VisualStudioVersion = 16.0.30517.126
MinimumVisualStudioVersion = 10.0.40219.1
Project("{FAE04EC0-301F-11D3-BF4B-00C04F79EFBC}") = "API-MTWDM101", "API-MTWDM101\API-MTWDM101.csproj", "{6EA7D95C-4EAB-45C6-83F1-93E158F2051D}"
EndProject
Project("{FAE04EC0-301F-11D3-BF4B-00C04F79EFBC}") = "APIUsers.Library", "APIUsers.Library\APIUsers.Library.csproj", "{D9191BF5-8559-4247-B92A-3B73D68336D9}"
EndProject
Global
	GlobalSection(SolutionConfigurationPlatforms) = preSolution
		Debug|Any CPU = Debug|Any CPU
		Release|Any CPU = Release|Any CPU
	EndGlobalSection
	GlobalSection(ProjectConfigurationPlatforms) = postSolution
		{6EA7D95C-4EAB-45C6-83F1-93E158F2051D}.Debug|Any CPU.ActiveCfg = Debug|Any CPU
		{6EA7D95C-4EAB-45C6-83F1-93E158F2051D}.Debug|Any CPU.Build.0 = Debug|Any CPU
		{6EA7D95C-4EAB-45C6-83F1-93E158F2051D}.Release|Any CPU.ActiveCfg = Release|Any CPU
		{6EA7D95C-4EAB-45C6-83F1-93E158F2051D}.Release|Any CPU.Build.0 = Release|Any CPU
		{D9191BF5-8559-4247-B92A-3B73D68336D9}.Debug|Any CPU.ActiveCfg = Debug|Any CPU
		{D9191BF5-8559-4247-B92A-3B73D68336D9}.Debug|Any CPU.Build.0 = Debug|Any CPU
		{D9191BF5-8559-4247-B92A-3B73D68336D9}.Release|Any CPU.ActiveCfg = Release|Any CPU
		{D9191BF5-8559-4247-B92A-3B73D68336D9}.Release|Any CPU.Build.0 = Release|Any CPU
	EndGlobalSection
	GlobalSection(SolutionProperties) = preSolution
		HideSolutionNode = FALSE
	EndGlobalSection
	GlobalSection(ExtensibilityGlobals) = postSolution
		SolutionGuid = {440E601F-67D1-4F84-9057-3E038DD6CE88}
	EndGlobalSection
EndGlobal
